
Microsoft Visual Studio Solution File, Format Version 12.00
# Visual Studio 15
VisualStudioVersion = 15.0.27004.2008
MinimumVisualStudioVersion = 10.0.40219.1
Project("{FAE04EC0-301F-11D3-BF4B-00C04F79EFBC}") = "NewCRM.Web", "NewCRM.Web\NewCRM.Web.csproj", "{F34C371A-E2E5-499B-A0FD-36EF9CCA486A}"
EndProject
Project("{2150E333-8FDC-42A3-9474-1A3956D46DE8}") = "7-NewCRM.App.Infrastructure", "7-NewCRM.App.Infrastructure", "{F7EAFE75-1B68-437E-B305-25865886AA24}"
EndProject
Project("{2150E333-8FDC-42A3-9474-1A3956D46DE8}") = "1-NewCRM.App.WebPage", "1-NewCRM.App.WebPage", "{DBD703D5-88B5-4A93-BAA4-5C10F3F97A10}"
EndProject
Project("{FAE04EC0-301F-11D3-BF4B-00C04F79EFBC}") = "NewCRM.Domain", "NewCRM.Domain\NewCRM.Domain.csproj", "{173C1046-4529-4D70-B6F5-501C61514E86}"
EndProject
Project("{2150E333-8FDC-42A3-9474-1A3956D46DE8}") = "5-NewCRM.App.Domain", "5-NewCRM.App.Domain", "{1DDA3B32-30E1-49B7-A415-622B5B1BEB35}"
EndProject
Project("{FAE04EC0-301F-11D3-BF4B-00C04F79EFBC}") = "NewCRM.Domain.Services", "NewCRM.DomainService\NewCRM.Domain.Services.csproj", "{149045D7-DB5D-4580-8199-18E68DDD6A7C}"
EndProject
Project("{FAE04EC0-301F-11D3-BF4B-00C04F79EFBC}") = "NewCRM.Application.Services", "NewCRM.ApplicationService\NewCRM.Application.Services.csproj", "{053A2AA0-4738-4CF3-AA99-D805411BFC40}"
EndProject
Project("{2150E333-8FDC-42A3-9474-1A3956D46DE8}") = "4-NewCRM.App.Domain.Service", "4-NewCRM.App.Domain.Service", "{EEF9FAD6-E483-4459-996E-09AE2DF3F4BA}"
EndProject
Project("{2150E333-8FDC-42A3-9474-1A3956D46DE8}") = "3-NewCRM.App.Appliction.Service", "3-NewCRM.App.Appliction.Service", "{D6EC715D-F363-47CC-B40E-5DFD0A737E89}"
EndProject
Project("{FAE04EC0-301F-11D3-BF4B-00C04F79EFBC}") = "NewCRM.Infrastructure", "NewCRM.Infrastructure\NewCRM.Infrastructure.csproj", "{457EE31D-B485-4D98-A0A2-1FF2F58123D9}"
EndProject
Project("{2150E333-8FDC-42A3-9474-1A3956D46DE8}") = "2-NewCRM.App.Dto", "2-NewCRM.App.Dto", "{D45F56E7-8F22-4CBD-9118-A955A9BC4E0B}"
EndProject
Project("{FAE04EC0-301F-11D3-BF4B-00C04F79EFBC}") = "NewCRM.Dto", "NewCRM.Dto\NewCRM.Dto.csproj", "{0C635AA2-3953-4AA0-A07F-CF8B1B7BBC6E}"
EndProject
Project("{FAE04EC0-301F-11D3-BF4B-00C04F79EFBC}") = "NewCRM.Repository", "NewCRM.Repository\NewCRM.Repository.csproj", "{951B196F-22E6-4C4C-B7CA-8AF239BBF34E}"
EndProject
Project("{2150E333-8FDC-42A3-9474-1A3956D46DE8}") = "6-NewCRM.App.Repository", "6-NewCRM.App.Repository", "{A2B54E32-DD84-44E3-9FB5-52CD214D81B1}"
EndProject
Project("{FAE04EC0-301F-11D3-BF4B-00C04F79EFBC}") = "TestCenter", "TestCenter\TestCenter.csproj", "{65D0754B-2881-4E71-AA86-E39FEDE14E56}"
EndProject
Project("{2150E333-8FDC-42A3-9474-1A3956D46DE8}") = "8-NewCRM.App.FileServices", "8-NewCRM.App.FileServices", "{EA2BC3E4-ADCE-48A8-943B-1FAEE6761986}"
EndProject
Project("{FAE04EC0-301F-11D3-BF4B-00C04F79EFBC}") = "NewCRM.FileServices", "NewCRM.FileServices\NewCRM.FileServices.csproj", "{B418DA7E-B496-4ED8-828B-6655908D3E2F}"
EndProject
Global
	GlobalSection(SolutionConfigurationPlatforms) = preSolution
		Debug|Any CPU = Debug|Any CPU
		Release|Any CPU = Release|Any CPU
	EndGlobalSection
	GlobalSection(ProjectConfigurationPlatforms) = postSolution
		{F34C371A-E2E5-499B-A0FD-36EF9CCA486A}.Debug|Any CPU.ActiveCfg = Debug|Any CPU
		{F34C371A-E2E5-499B-A0FD-36EF9CCA486A}.Debug|Any CPU.Build.0 = Debug|Any CPU
		{F34C371A-E2E5-499B-A0FD-36EF9CCA486A}.Release|Any CPU.ActiveCfg = Release|Any CPU
		{F34C371A-E2E5-499B-A0FD-36EF9CCA486A}.Release|Any CPU.Build.0 = Release|Any CPU
		{173C1046-4529-4D70-B6F5-501C61514E86}.Debug|Any CPU.ActiveCfg = Debug|Any CPU
		{173C1046-4529-4D70-B6F5-501C61514E86}.Debug|Any CPU.Build.0 = Debug|Any CPU
		{173C1046-4529-4D70-B6F5-501C61514E86}.Release|Any CPU.ActiveCfg = Release|Any CPU
		{173C1046-4529-4D70-B6F5-501C61514E86}.Release|Any CPU.Build.0 = Release|Any CPU
		{149045D7-DB5D-4580-8199-18E68DDD6A7C}.Debug|Any CPU.ActiveCfg = Debug|Any CPU
		{149045D7-DB5D-4580-8199-18E68DDD6A7C}.Debug|Any CPU.Build.0 = Debug|Any CPU
		{149045D7-DB5D-4580-8199-18E68DDD6A7C}.Release|Any CPU.ActiveCfg = Release|Any CPU
		{149045D7-DB5D-4580-8199-18E68DDD6A7C}.Release|Any CPU.Build.0 = Release|Any CPU
		{053A2AA0-4738-4CF3-AA99-D805411BFC40}.Debug|Any CPU.ActiveCfg = Debug|Any CPU
		{053A2AA0-4738-4CF3-AA99-D805411BFC40}.Debug|Any CPU.Build.0 = Debug|Any CPU
		{053A2AA0-4738-4CF3-AA99-D805411BFC40}.Release|Any CPU.ActiveCfg = Release|Any CPU
		{053A2AA0-4738-4CF3-AA99-D805411BFC40}.Release|Any CPU.Build.0 = Release|Any CPU
		{457EE31D-B485-4D98-A0A2-1FF2F58123D9}.Debug|Any CPU.ActiveCfg = Debug|Any CPU
		{457EE31D-B485-4D98-A0A2-1FF2F58123D9}.Debug|Any CPU.Build.0 = Debug|Any CPU
		{457EE31D-B485-4D98-A0A2-1FF2F58123D9}.Release|Any CPU.ActiveCfg = Release|Any CPU
		{457EE31D-B485-4D98-A0A2-1FF2F58123D9}.Release|Any CPU.Build.0 = Release|Any CPU
		{0C635AA2-3953-4AA0-A07F-CF8B1B7BBC6E}.Debug|Any CPU.ActiveCfg = Debug|Any CPU
		{0C635AA2-3953-4AA0-A07F-CF8B1B7BBC6E}.Debug|Any CPU.Build.0 = Debug|Any CPU
		{0C635AA2-3953-4AA0-A07F-CF8B1B7BBC6E}.Release|Any CPU.ActiveCfg = Release|Any CPU
		{0C635AA2-3953-4AA0-A07F-CF8B1B7BBC6E}.Release|Any CPU.Build.0 = Release|Any CPU
		{951B196F-22E6-4C4C-B7CA-8AF239BBF34E}.Debug|Any CPU.ActiveCfg = Debug|Any CPU
		{951B196F-22E6-4C4C-B7CA-8AF239BBF34E}.Debug|Any CPU.Build.0 = Debug|Any CPU
		{951B196F-22E6-4C4C-B7CA-8AF239BBF34E}.Release|Any CPU.ActiveCfg = Release|Any CPU
		{951B196F-22E6-4C4C-B7CA-8AF239BBF34E}.Release|Any CPU.Build.0 = Release|Any CPU
		{65D0754B-2881-4E71-AA86-E39FEDE14E56}.Debug|Any CPU.ActiveCfg = Debug|Any CPU
		{65D0754B-2881-4E71-AA86-E39FEDE14E56}.Debug|Any CPU.Build.0 = Debug|Any CPU
		{65D0754B-2881-4E71-AA86-E39FEDE14E56}.Release|Any CPU.ActiveCfg = Release|Any CPU
		{65D0754B-2881-4E71-AA86-E39FEDE14E56}.Release|Any CPU.Build.0 = Release|Any CPU
		{B418DA7E-B496-4ED8-828B-6655908D3E2F}.Debug|Any CPU.ActiveCfg = Debug|Any CPU
		{B418DA7E-B496-4ED8-828B-6655908D3E2F}.Debug|Any CPU.Build.0 = Debug|Any CPU
		{B418DA7E-B496-4ED8-828B-6655908D3E2F}.Release|Any CPU.ActiveCfg = Release|Any CPU
		{B418DA7E-B496-4ED8-828B-6655908D3E2F}.Release|Any CPU.Build.0 = Release|Any CPU
	EndGlobalSection
	GlobalSection(SolutionProperties) = preSolution
		HideSolutionNode = FALSE
	EndGlobalSection
	GlobalSection(NestedProjects) = preSolution
		{F34C371A-E2E5-499B-A0FD-36EF9CCA486A} = {DBD703D5-88B5-4A93-BAA4-5C10F3F97A10}
		{173C1046-4529-4D70-B6F5-501C61514E86} = {1DDA3B32-30E1-49B7-A415-622B5B1BEB35}
		{149045D7-DB5D-4580-8199-18E68DDD6A7C} = {EEF9FAD6-E483-4459-996E-09AE2DF3F4BA}
		{053A2AA0-4738-4CF3-AA99-D805411BFC40} = {D6EC715D-F363-47CC-B40E-5DFD0A737E89}
		{457EE31D-B485-4D98-A0A2-1FF2F58123D9} = {F7EAFE75-1B68-437E-B305-25865886AA24}
		{0C635AA2-3953-4AA0-A07F-CF8B1B7BBC6E} = {D45F56E7-8F22-4CBD-9118-A955A9BC4E0B}
		{951B196F-22E6-4C4C-B7CA-8AF239BBF34E} = {A2B54E32-DD84-44E3-9FB5-52CD214D81B1}
		{B418DA7E-B496-4ED8-828B-6655908D3E2F} = {EA2BC3E4-ADCE-48A8-943B-1FAEE6761986}
	EndGlobalSection
	GlobalSection(ExtensibilityGlobals) = postSolution
		SolutionGuid = {FC8086F3-4C93-4AE8-8226-F8E98E7D1433}
	EndGlobalSection
EndGlobal
