
Microsoft Visual Studio Solution File, Format Version 12.00
# Visual Studio 14
VisualStudioVersion = 14.0.25420.1
MinimumVisualStudioVersion = 10.0.40219.1
Project("{FAE04EC0-301F-11D3-BF4B-00C04F79EFBC}") = "NewCRM.Web", "NewCRM.Web\NewCRM.Web.csproj", "{F34C371A-E2E5-499B-A0FD-36EF9CCA486A}"
EndProject
Project("{2150E333-8FDC-42A3-9474-1A3956D46DE8}") = "NewCRM.App.Infrastructure", "NewCRM.App.Infrastructure", "{F7EAFE75-1B68-437E-B305-25865886AA24}"
EndProject
Project("{2150E333-8FDC-42A3-9474-1A3956D46DE8}") = "View", "View", "{DBD703D5-88B5-4A93-BAA4-5C10F3F97A10}"
EndProject
Project("{FAE04EC0-301F-11D3-BF4B-00C04F79EFBC}") = "NewCRM.Domain.Entities", "NewCRM.Domain\NewCRM.Domain.Entities.csproj", "{173C1046-4529-4D70-B6F5-501C61514E86}"
EndProject
Project("{2150E333-8FDC-42A3-9474-1A3956D46DE8}") = "NewCRM.App.Domain", "NewCRM.App.Domain", "{1DDA3B32-30E1-49B7-A415-622B5B1BEB35}"
EndProject
Project("{FAE04EC0-301F-11D3-BF4B-00C04F79EFBC}") = "NewCRM.Domain.Services", "NewCRM.DomainService\NewCRM.Domain.Services.csproj", "{149045D7-DB5D-4580-8199-18E68DDD6A7C}"
EndProject
Project("{FAE04EC0-301F-11D3-BF4B-00C04F79EFBC}") = "NewCRM.Application.Services", "NewCRM.ApplicationService\NewCRM.Application.Services.csproj", "{053A2AA0-4738-4CF3-AA99-D805411BFC40}"
EndProject
Project("{2150E333-8FDC-42A3-9474-1A3956D46DE8}") = "NewCRM.App.DomainService", "NewCRM.App.DomainService", "{EEF9FAD6-E483-4459-996E-09AE2DF3F4BA}"
EndProject
Project("{2150E333-8FDC-42A3-9474-1A3956D46DE8}") = "NewCRM.App.ApplictionService", "NewCRM.App.ApplictionService", "{D6EC715D-F363-47CC-B40E-5DFD0A737E89}"
EndProject
Project("{FAE04EC0-301F-11D3-BF4B-00C04F79EFBC}") = "NewCRM.Infrastructure", "NewCRM.Infrastructure\NewCRM.Infrastructure.csproj", "{457EE31D-B485-4D98-A0A2-1FF2F58123D9}"
EndProject
Project("{2150E333-8FDC-42A3-9474-1A3956D46DE8}") = "NewCRM.App.Dto", "NewCRM.App.Dto", "{D45F56E7-8F22-4CBD-9118-A955A9BC4E0B}"
EndProject
Project("{FAE04EC0-301F-11D3-BF4B-00C04F79EFBC}") = "NewCRM.Dto", "NewCRM.Dto\NewCRM.Dto.csproj", "{0C635AA2-3953-4AA0-A07F-CF8B1B7BBC6E}"
EndProject
Project("{2150E333-8FDC-42A3-9474-1A3956D46DE8}") = "Solution Items", "Solution Items", "{609FE6C1-CBCB-4682-BA5E-40C5C7C43ED9}"
	ProjectSection(SolutionItems) = preProject
		Local.testsettings = Local.testsettings
	EndProjectSection
EndProject
Project("{FAE04EC0-301F-11D3-BF4B-00C04F79EFBC}") = "NewCRM.ApplicationServiceTest", "NewCRM.ApplicationServiceTest\NewCRM.ApplicationServiceTest.csproj", "{781FC8B5-3395-4B18-A11C-4760473D9CE8}"
EndProject
Project("{FAE04EC0-301F-11D3-BF4B-00C04F79EFBC}") = "NewCRM.DomainServiceTest", "NewCRM.DomainServiceTest\NewCRM.DomainServiceTest.csproj", "{037BA35F-8D98-4CEA-9BEA-9E3E77050DB4}"
EndProject
Project("{FAE04EC0-301F-11D3-BF4B-00C04F79EFBC}") = "NewCrm.InfrastructureTest", "NewCrm.InfrastructureTest\NewCrm.InfrastructureTest.csproj", "{DD8FB0BE-F3D2-4449-BC76-BCAB230E17F9}"
EndProject
Project("{FAE04EC0-301F-11D3-BF4B-00C04F79EFBC}") = "NewCRM.Repository", "NewCRM.Repository\NewCRM.Repository.csproj", "{951B196F-22E6-4C4C-B7CA-8AF239BBF34E}"
EndProject
Project("{FAE04EC0-301F-11D3-BF4B-00C04F79EFBC}") = "NewCRM.Domain.Test", "NewCRM.Domain.Test\NewCRM.Domain.Test.csproj", "{22353979-DF74-4DE3-84B3-9F7D27EC23EA}"
EndProject
Project("{2150E333-8FDC-42A3-9474-1A3956D46DE8}") = "NewCRM.App.Repository", "NewCRM.App.Repository", "{A2B54E32-DD84-44E3-9FB5-52CD214D81B1}"
EndProject
Project("{2150E333-8FDC-42A3-9474-1A3956D46DE8}") = "NewCRM.App.QueryServices", "NewCRM.App.QueryServices", "{394351A2-98DC-4C9C-BB47-BBAC5E356D26}"
EndProject
Project("{FAE04EC0-301F-11D3-BF4B-00C04F79EFBC}") = "NewCRM.QueryServices", "NewCRM.App.QueryServices\NewCRM.QueryServices.csproj", "{FE7153FA-29BA-4352-80ED-CF912ED114CB}"
EndProject
Global
	GlobalSection(SolutionConfigurationPlatforms) = preSolution
		Debug|Any CPU = Debug|Any CPU
		Release|Any CPU = Release|Any CPU
	EndGlobalSection
	GlobalSection(ProjectConfigurationPlatforms) = postSolution
		{F34C371A-E2E5-499B-A0FD-36EF9CCA486A}.Debug|Any CPU.ActiveCfg = Debug|Any CPU
		{F34C371A-E2E5-499B-A0FD-36EF9CCA486A}.Debug|Any CPU.Build.0 = Debug|Any CPU
		{F34C371A-E2E5-499B-A0FD-36EF9CCA486A}.Release|Any CPU.ActiveCfg = Release|Any CPU
		{F34C371A-E2E5-499B-A0FD-36EF9CCA486A}.Release|Any CPU.Build.0 = Release|Any CPU
		{173C1046-4529-4D70-B6F5-501C61514E86}.Debug|Any CPU.ActiveCfg = Debug|Any CPU
		{173C1046-4529-4D70-B6F5-501C61514E86}.Debug|Any CPU.Build.0 = Debug|Any CPU
		{173C1046-4529-4D70-B6F5-501C61514E86}.Release|Any CPU.ActiveCfg = Release|Any CPU
		{173C1046-4529-4D70-B6F5-501C61514E86}.Release|Any CPU.Build.0 = Release|Any CPU
		{149045D7-DB5D-4580-8199-18E68DDD6A7C}.Debug|Any CPU.ActiveCfg = Debug|Any CPU
		{149045D7-DB5D-4580-8199-18E68DDD6A7C}.Debug|Any CPU.Build.0 = Debug|Any CPU
		{149045D7-DB5D-4580-8199-18E68DDD6A7C}.Release|Any CPU.ActiveCfg = Release|Any CPU
		{149045D7-DB5D-4580-8199-18E68DDD6A7C}.Release|Any CPU.Build.0 = Release|Any CPU
		{053A2AA0-4738-4CF3-AA99-D805411BFC40}.Debug|Any CPU.ActiveCfg = Debug|Any CPU
		{053A2AA0-4738-4CF3-AA99-D805411BFC40}.Debug|Any CPU.Build.0 = Debug|Any CPU
		{053A2AA0-4738-4CF3-AA99-D805411BFC40}.Release|Any CPU.ActiveCfg = Release|Any CPU
		{053A2AA0-4738-4CF3-AA99-D805411BFC40}.Release|Any CPU.Build.0 = Release|Any CPU
		{457EE31D-B485-4D98-A0A2-1FF2F58123D9}.Debug|Any CPU.ActiveCfg = Debug|Any CPU
		{457EE31D-B485-4D98-A0A2-1FF2F58123D9}.Debug|Any CPU.Build.0 = Debug|Any CPU
		{457EE31D-B485-4D98-A0A2-1FF2F58123D9}.Release|Any CPU.ActiveCfg = Release|Any CPU
		{457EE31D-B485-4D98-A0A2-1FF2F58123D9}.Release|Any CPU.Build.0 = Release|Any CPU
		{0C635AA2-3953-4AA0-A07F-CF8B1B7BBC6E}.Debug|Any CPU.ActiveCfg = Debug|Any CPU
		{0C635AA2-3953-4AA0-A07F-CF8B1B7BBC6E}.Debug|Any CPU.Build.0 = Debug|Any CPU
		{0C635AA2-3953-4AA0-A07F-CF8B1B7BBC6E}.Release|Any CPU.ActiveCfg = Release|Any CPU
		{0C635AA2-3953-4AA0-A07F-CF8B1B7BBC6E}.Release|Any CPU.Build.0 = Release|Any CPU
		{781FC8B5-3395-4B18-A11C-4760473D9CE8}.Debug|Any CPU.ActiveCfg = Debug|Any CPU
		{781FC8B5-3395-4B18-A11C-4760473D9CE8}.Debug|Any CPU.Build.0 = Debug|Any CPU
		{781FC8B5-3395-4B18-A11C-4760473D9CE8}.Release|Any CPU.ActiveCfg = Release|Any CPU
		{781FC8B5-3395-4B18-A11C-4760473D9CE8}.Release|Any CPU.Build.0 = Release|Any CPU
		{037BA35F-8D98-4CEA-9BEA-9E3E77050DB4}.Debug|Any CPU.ActiveCfg = Debug|Any CPU
		{037BA35F-8D98-4CEA-9BEA-9E3E77050DB4}.Debug|Any CPU.Build.0 = Debug|Any CPU
		{037BA35F-8D98-4CEA-9BEA-9E3E77050DB4}.Release|Any CPU.ActiveCfg = Release|Any CPU
		{037BA35F-8D98-4CEA-9BEA-9E3E77050DB4}.Release|Any CPU.Build.0 = Release|Any CPU
		{DD8FB0BE-F3D2-4449-BC76-BCAB230E17F9}.Debug|Any CPU.ActiveCfg = Debug|Any CPU
		{DD8FB0BE-F3D2-4449-BC76-BCAB230E17F9}.Debug|Any CPU.Build.0 = Debug|Any CPU
		{DD8FB0BE-F3D2-4449-BC76-BCAB230E17F9}.Release|Any CPU.ActiveCfg = Release|Any CPU
		{DD8FB0BE-F3D2-4449-BC76-BCAB230E17F9}.Release|Any CPU.Build.0 = Release|Any CPU
		{951B196F-22E6-4C4C-B7CA-8AF239BBF34E}.Debug|Any CPU.ActiveCfg = Debug|Any CPU
		{951B196F-22E6-4C4C-B7CA-8AF239BBF34E}.Debug|Any CPU.Build.0 = Debug|Any CPU
		{951B196F-22E6-4C4C-B7CA-8AF239BBF34E}.Release|Any CPU.ActiveCfg = Release|Any CPU
		{951B196F-22E6-4C4C-B7CA-8AF239BBF34E}.Release|Any CPU.Build.0 = Release|Any CPU
		{22353979-DF74-4DE3-84B3-9F7D27EC23EA}.Debug|Any CPU.ActiveCfg = Debug|Any CPU
		{22353979-DF74-4DE3-84B3-9F7D27EC23EA}.Debug|Any CPU.Build.0 = Debug|Any CPU
		{22353979-DF74-4DE3-84B3-9F7D27EC23EA}.Release|Any CPU.ActiveCfg = Release|Any CPU
		{22353979-DF74-4DE3-84B3-9F7D27EC23EA}.Release|Any CPU.Build.0 = Release|Any CPU
		{FE7153FA-29BA-4352-80ED-CF912ED114CB}.Debug|Any CPU.ActiveCfg = Debug|Any CPU
		{FE7153FA-29BA-4352-80ED-CF912ED114CB}.Debug|Any CPU.Build.0 = Debug|Any CPU
		{FE7153FA-29BA-4352-80ED-CF912ED114CB}.Release|Any CPU.ActiveCfg = Release|Any CPU
		{FE7153FA-29BA-4352-80ED-CF912ED114CB}.Release|Any CPU.Build.0 = Release|Any CPU
	EndGlobalSection
	GlobalSection(SolutionProperties) = preSolution
		HideSolutionNode = FALSE
	EndGlobalSection
	GlobalSection(NestedProjects) = preSolution
		{F34C371A-E2E5-499B-A0FD-36EF9CCA486A} = {DBD703D5-88B5-4A93-BAA4-5C10F3F97A10}
		{173C1046-4529-4D70-B6F5-501C61514E86} = {1DDA3B32-30E1-49B7-A415-622B5B1BEB35}
		{149045D7-DB5D-4580-8199-18E68DDD6A7C} = {EEF9FAD6-E483-4459-996E-09AE2DF3F4BA}
		{053A2AA0-4738-4CF3-AA99-D805411BFC40} = {D6EC715D-F363-47CC-B40E-5DFD0A737E89}
		{457EE31D-B485-4D98-A0A2-1FF2F58123D9} = {F7EAFE75-1B68-437E-B305-25865886AA24}
		{0C635AA2-3953-4AA0-A07F-CF8B1B7BBC6E} = {D45F56E7-8F22-4CBD-9118-A955A9BC4E0B}
		{781FC8B5-3395-4B18-A11C-4760473D9CE8} = {D6EC715D-F363-47CC-B40E-5DFD0A737E89}
		{037BA35F-8D98-4CEA-9BEA-9E3E77050DB4} = {EEF9FAD6-E483-4459-996E-09AE2DF3F4BA}
		{DD8FB0BE-F3D2-4449-BC76-BCAB230E17F9} = {F7EAFE75-1B68-437E-B305-25865886AA24}
		{951B196F-22E6-4C4C-B7CA-8AF239BBF34E} = {A2B54E32-DD84-44E3-9FB5-52CD214D81B1}
		{22353979-DF74-4DE3-84B3-9F7D27EC23EA} = {1DDA3B32-30E1-49B7-A415-622B5B1BEB35}
		{FE7153FA-29BA-4352-80ED-CF912ED114CB} = {394351A2-98DC-4C9C-BB47-BBAC5E356D26}
	EndGlobalSection
EndGlobal
