
Microsoft Visual Studio Solution File, Format Version 12.00
# Visual Studio 15
VisualStudioVersion = 15.0.27130.2026
MinimumVisualStudioVersion = 10.0.40219.1
Project("{FAE04EC0-301F-11D3-BF4B-00C04F79EFBC}") = "NewCrm.Web", "NewCRM.Web\NewCrm.Web.csproj", "{F34C371A-E2E5-499B-A0FD-36EF9CCA486A}"
EndProject
Project("{2150E333-8FDC-42A3-9474-1A3956D46DE8}") = "6.NewCrm.App.Infrastructure", "6.NewCrm.App.Infrastructure", "{F7EAFE75-1B68-437E-B305-25865886AA24}"
EndProject
Project("{2150E333-8FDC-42A3-9474-1A3956D46DE8}") = "1.NewCrm.App.WebPage", "1.NewCrm.App.WebPage", "{DBD703D5-88B5-4A93-BAA4-5C10F3F97A10}"
EndProject
Project("{FAE04EC0-301F-11D3-BF4B-00C04F79EFBC}") = "NewCrm.Domain", "NewCRM.Domain\NewCrm.Domain.csproj", "{173C1046-4529-4D70-B6F5-501C61514E86}"
EndProject
Project("{2150E333-8FDC-42A3-9474-1A3956D46DE8}") = "5.NewCrm.App.Domain", "5.NewCrm.App.Domain", "{1DDA3B32-30E1-49B7-A415-622B5B1BEB35}"
EndProject
Project("{FAE04EC0-301F-11D3-BF4B-00C04F79EFBC}") = "NewCrm.Domain.Services", "NewCRM.DomainService\NewCrm.Domain.Services.csproj", "{149045D7-DB5D-4580-8199-18E68DDD6A7C}"
EndProject
Project("{FAE04EC0-301F-11D3-BF4B-00C04F79EFBC}") = "NewCrm.Application.Services", "NewCRM.ApplicationService\NewCrm.Application.Services.csproj", "{053A2AA0-4738-4CF3-AA99-D805411BFC40}"
EndProject
Project("{2150E333-8FDC-42A3-9474-1A3956D46DE8}") = "4.NewCrm.App.Domain.Service", "4.NewCrm.App.Domain.Service", "{EEF9FAD6-E483-4459-996E-09AE2DF3F4BA}"
EndProject
Project("{2150E333-8FDC-42A3-9474-1A3956D46DE8}") = "3.NewCrm.App.Appliction.Service", "3.NewCrm.App.Appliction.Service", "{D6EC715D-F363-47CC-B40E-5DFD0A737E89}"
EndProject
Project("{FAE04EC0-301F-11D3-BF4B-00C04F79EFBC}") = "NewCrm.Infrastructure", "NewCRM.Infrastructure\NewCrm.Infrastructure.csproj", "{457EE31D-B485-4D98-A0A2-1FF2F58123D9}"
EndProject
Project("{2150E333-8FDC-42A3-9474-1A3956D46DE8}") = "7.NewCrm.App.FileServices", "7.NewCrm.App.FileServices", "{EA2BC3E4-ADCE-48A8-943B-1FAEE6761986}"
EndProject
Project("{FAE04EC0-301F-11D3-BF4B-00C04F79EFBC}") = "NewCrm.FileServices", "NewCRM.FileServices\NewCrm.FileServices.csproj", "{B418DA7E-B496-4ED8-828B-6655908D3E2F}"
EndProject
Project("{FAE04EC0-301F-11D3-BF4B-00C04F79EFBC}") = "NewCrm.Dto", "NewCRM.Dto\NewCrm.Dto.csproj", "{0C635AA2-3953-4AA0-A07F-CF8B1B7BBC6E}"
EndProject
Project("{2150E333-8FDC-42A3-9474-1A3956D46DE8}") = "2.NewCrm.App.Dto", "2.NewCrm.App.Dto", "{413ED6EA-4BB9-4E9B-9860-FEE19F2F8934}"
EndProject
Project("{FAE04EC0-301F-11D3-BF4B-00C04F79EFBC}") = "NewCrm.WebApi", "NewCRM.WebApi\NewCrm.WebApi.csproj", "{197519B7-F04E-497C-9F4E-C0D1DFD79BB1}"
EndProject
Project("{2150E333-8FDC-42A3-9474-1A3956D46DE8}") = "NewCrm1.0", "NewCrm1.0", "{9CEA10CA-3CCD-4AB8-8DF3-0B0F8935E10F}"
EndProject
Global
	GlobalSection(SolutionConfigurationPlatforms) = preSolution
		Debug|Any CPU = Debug|Any CPU
		Release|Any CPU = Release|Any CPU
	EndGlobalSection
	GlobalSection(ProjectConfigurationPlatforms) = postSolution
		{F34C371A-E2E5-499B-A0FD-36EF9CCA486A}.Debug|Any CPU.ActiveCfg = Debug|Any CPU
		{F34C371A-E2E5-499B-A0FD-36EF9CCA486A}.Debug|Any CPU.Build.0 = Debug|Any CPU
		{F34C371A-E2E5-499B-A0FD-36EF9CCA486A}.Release|Any CPU.ActiveCfg = Release|Any CPU
		{F34C371A-E2E5-499B-A0FD-36EF9CCA486A}.Release|Any CPU.Build.0 = Release|Any CPU
		{173C1046-4529-4D70-B6F5-501C61514E86}.Debug|Any CPU.ActiveCfg = Debug|Any CPU
		{173C1046-4529-4D70-B6F5-501C61514E86}.Debug|Any CPU.Build.0 = Debug|Any CPU
		{173C1046-4529-4D70-B6F5-501C61514E86}.Release|Any CPU.ActiveCfg = Release|Any CPU
		{173C1046-4529-4D70-B6F5-501C61514E86}.Release|Any CPU.Build.0 = Release|Any CPU
		{149045D7-DB5D-4580-8199-18E68DDD6A7C}.Debug|Any CPU.ActiveCfg = Debug|Any CPU
		{149045D7-DB5D-4580-8199-18E68DDD6A7C}.Debug|Any CPU.Build.0 = Debug|Any CPU
		{149045D7-DB5D-4580-8199-18E68DDD6A7C}.Release|Any CPU.ActiveCfg = Release|Any CPU
		{149045D7-DB5D-4580-8199-18E68DDD6A7C}.Release|Any CPU.Build.0 = Release|Any CPU
		{053A2AA0-4738-4CF3-AA99-D805411BFC40}.Debug|Any CPU.ActiveCfg = Debug|Any CPU
		{053A2AA0-4738-4CF3-AA99-D805411BFC40}.Debug|Any CPU.Build.0 = Debug|Any CPU
		{053A2AA0-4738-4CF3-AA99-D805411BFC40}.Release|Any CPU.ActiveCfg = Release|Any CPU
		{053A2AA0-4738-4CF3-AA99-D805411BFC40}.Release|Any CPU.Build.0 = Release|Any CPU
		{457EE31D-B485-4D98-A0A2-1FF2F58123D9}.Debug|Any CPU.ActiveCfg = Debug|Any CPU
		{457EE31D-B485-4D98-A0A2-1FF2F58123D9}.Debug|Any CPU.Build.0 = Debug|Any CPU
		{457EE31D-B485-4D98-A0A2-1FF2F58123D9}.Release|Any CPU.ActiveCfg = Release|Any CPU
		{457EE31D-B485-4D98-A0A2-1FF2F58123D9}.Release|Any CPU.Build.0 = Release|Any CPU
		{B418DA7E-B496-4ED8-828B-6655908D3E2F}.Debug|Any CPU.ActiveCfg = Debug|Any CPU
		{B418DA7E-B496-4ED8-828B-6655908D3E2F}.Debug|Any CPU.Build.0 = Debug|Any CPU
		{B418DA7E-B496-4ED8-828B-6655908D3E2F}.Release|Any CPU.ActiveCfg = Release|Any CPU
		{B418DA7E-B496-4ED8-828B-6655908D3E2F}.Release|Any CPU.Build.0 = Release|Any CPU
		{0C635AA2-3953-4AA0-A07F-CF8B1B7BBC6E}.Debug|Any CPU.ActiveCfg = Debug|Any CPU
		{0C635AA2-3953-4AA0-A07F-CF8B1B7BBC6E}.Debug|Any CPU.Build.0 = Debug|Any CPU
		{0C635AA2-3953-4AA0-A07F-CF8B1B7BBC6E}.Release|Any CPU.ActiveCfg = Release|Any CPU
		{0C635AA2-3953-4AA0-A07F-CF8B1B7BBC6E}.Release|Any CPU.Build.0 = Release|Any CPU
		{197519B7-F04E-497C-9F4E-C0D1DFD79BB1}.Debug|Any CPU.ActiveCfg = Debug|Any CPU
		{197519B7-F04E-497C-9F4E-C0D1DFD79BB1}.Debug|Any CPU.Build.0 = Debug|Any CPU
		{197519B7-F04E-497C-9F4E-C0D1DFD79BB1}.Release|Any CPU.ActiveCfg = Release|Any CPU
		{197519B7-F04E-497C-9F4E-C0D1DFD79BB1}.Release|Any CPU.Build.0 = Release|Any CPU
	EndGlobalSection
	GlobalSection(SolutionProperties) = preSolution
		HideSolutionNode = FALSE
	EndGlobalSection
	GlobalSection(NestedProjects) = preSolution
		{F34C371A-E2E5-499B-A0FD-36EF9CCA486A} = {DBD703D5-88B5-4A93-BAA4-5C10F3F97A10}
		{F7EAFE75-1B68-437E-B305-25865886AA24} = {9CEA10CA-3CCD-4AB8-8DF3-0B0F8935E10F}
		{DBD703D5-88B5-4A93-BAA4-5C10F3F97A10} = {9CEA10CA-3CCD-4AB8-8DF3-0B0F8935E10F}
		{173C1046-4529-4D70-B6F5-501C61514E86} = {1DDA3B32-30E1-49B7-A415-622B5B1BEB35}
		{1DDA3B32-30E1-49B7-A415-622B5B1BEB35} = {9CEA10CA-3CCD-4AB8-8DF3-0B0F8935E10F}
		{149045D7-DB5D-4580-8199-18E68DDD6A7C} = {EEF9FAD6-E483-4459-996E-09AE2DF3F4BA}
		{053A2AA0-4738-4CF3-AA99-D805411BFC40} = {D6EC715D-F363-47CC-B40E-5DFD0A737E89}
		{EEF9FAD6-E483-4459-996E-09AE2DF3F4BA} = {9CEA10CA-3CCD-4AB8-8DF3-0B0F8935E10F}
		{D6EC715D-F363-47CC-B40E-5DFD0A737E89} = {9CEA10CA-3CCD-4AB8-8DF3-0B0F8935E10F}
		{457EE31D-B485-4D98-A0A2-1FF2F58123D9} = {F7EAFE75-1B68-437E-B305-25865886AA24}
		{EA2BC3E4-ADCE-48A8-943B-1FAEE6761986} = {9CEA10CA-3CCD-4AB8-8DF3-0B0F8935E10F}
		{B418DA7E-B496-4ED8-828B-6655908D3E2F} = {EA2BC3E4-ADCE-48A8-943B-1FAEE6761986}
		{0C635AA2-3953-4AA0-A07F-CF8B1B7BBC6E} = {413ED6EA-4BB9-4E9B-9860-FEE19F2F8934}
		{413ED6EA-4BB9-4E9B-9860-FEE19F2F8934} = {9CEA10CA-3CCD-4AB8-8DF3-0B0F8935E10F}
		{197519B7-F04E-497C-9F4E-C0D1DFD79BB1} = {DBD703D5-88B5-4A93-BAA4-5C10F3F97A10}
	EndGlobalSection
	GlobalSection(ExtensibilityGlobals) = postSolution
		SolutionGuid = {FC8086F3-4C93-4AE8-8226-F8E98E7D1433}
	EndGlobalSection
EndGlobal
